
Microsoft Visual Studio Solution File, Format Version 12.00
# Visual Studio Version 17
VisualStudioVersion = 17.7.34202.233
MinimumVisualStudioVersion = 10.0.40219.1
Project("{9A19103F-16F7-4668-BE54-9A1E7A4F7556}") = "Tais.Godot", "Tais.Godot.csproj", "{382B1B6C-A509-4B62-8E92-53E20D319B90}"
EndProject
Project("{9A19103F-16F7-4668-BE54-9A1E7A4F7556}") = "Tais.Interfaces", "..\Tais.Interfaces\Tais.Interfaces.csproj", "{FB2CC301-8B29-4FA2-B53B-B5D028714A7E}"
EndProject
Project("{9A19103F-16F7-4668-BE54-9A1E7A4F7556}") = "Tais.Commands", "..\Tais.Commands\Tais.Commands.csproj", "{B1F50812-2440-4CE6-8952-F7B6FA6CB2F1}"
EndProject
Project("{9A19103F-16F7-4668-BE54-9A1E7A4F7556}") = "Tais.Sessions", "..\Tais.Sessions\Tais.Sessions.csproj", "{86E10214-0CB5-44FF-B95B-9AE5B6E65B0D}"
EndProject
Project("{9A19103F-16F7-4668-BE54-9A1E7A4F7556}") = "Tais.Citys", "..\Tais.Citys\Tais.Citys.csproj", "{04CF0ADE-146F-4412-B7DA-9D02A882B398}"
EndProject
Project("{9A19103F-16F7-4668-BE54-9A1E7A4F7556}") = "Tais.Pops", "..\Tais.Pops\Tais.Pops.csproj", "{CC635CD9-D8A7-4DB2-93E3-8C00A61FB12D}"
EndProject
Project("{9A19103F-16F7-4668-BE54-9A1E7A4F7556}") = "Tais.Effects", "..\Tais.Effects\Tais.Effects.csproj", "{17BCD55D-6AEE-475C-AEC8-3453DF4CE548}"
EndProject
Project("{9A19103F-16F7-4668-BE54-9A1E7A4F7556}") = "Tais.Buffers", "..\Tais.Buffers\Tais.Buffers.csproj", "{FA827DDC-88E7-4189-A85B-0944CA75E60B}"
EndProject
Project("{9A19103F-16F7-4668-BE54-9A1E7A4F7556}") = "Tais.Modders", "..\Tais.Modders\Tais.Modders.csproj", "{20B97D38-8A56-4469-B11A-DC217ED4E1FC}"
EndProject
Project("{9A19103F-16F7-4668-BE54-9A1E7A4F7556}") = "Tais.Modders.Interfaces", "..\Tais.Modders.Interfaces\Tais.Modders.Interfaces.csproj", "{CDE47BDA-9E82-4757-BBAF-A88BB7F76B7B}"
EndProject
Project("{9A19103F-16F7-4668-BE54-9A1E7A4F7556}") = "Tais.InitialDatas", "..\Tais.InitialDatas\Tais.InitialDatas.csproj", "{827AA774-17CC-4925-8069-649D3E9671B6}"
EndProject
Project("{9A19103F-16F7-4668-BE54-9A1E7A4F7556}") = "Tais.InitialDatas.Interfaces", "..\Tais.InitialDatas.Interfaces\Tais.InitialDatas.Interfaces.csproj", "{7D9C2412-4806-4A22-A28A-7158D5579C6C}"
EndProject
Project("{9A19103F-16F7-4668-BE54-9A1E7A4F7556}") = "Tais.Entities", "..\Tais.Entities\Tais.Entities.csproj", "{FBCE6BCB-6A9E-47F9-9225-FA114B9F3EB8}"
EndProject
Project("{9A19103F-16F7-4668-BE54-9A1E7A4F7556}") = "Tais.CentralGovs", "..\Tais.CentralGovs\Tais.CentralGovs.csproj", "{0CCAFB8D-5C23-485F-BF81-52E06065DA97}"
EndProject
Project("{9A19103F-16F7-4668-BE54-9A1E7A4F7556}") = "Tais.Events", "..\Tais.Events\Tais.Events.csproj", "{209760E2-B55C-4A46-8C5C-54E538DC7E28}"
EndProject
Project("{9A19103F-16F7-4668-BE54-9A1E7A4F7556}") = "Tais.ProcessContexts", "..\Tais.ProcessContexts\Tais.ProcessContexts.csproj", "{7053E6FE-1860-40E5-B4B2-9320D21BCBEC}"
EndProject
Project("{9A19103F-16F7-4668-BE54-9A1E7A4F7556}") = "Tais.Warns", "..\Tais.Warns\Tais.Warns.csproj", "{7C178265-6B6D-4EEC-8C5E-D4847CB1C1BA}"
EndProject
Project("{FAE04EC0-301F-11D3-BF4B-00C04F79EFBC}") = "Tais.Tasks", "..\Tais.Tasks\Tais.Tasks.csproj", "{6E7C9C96-3F4A-4017-93FA-F1FFED30EAA1}"
EndProject
Global
	GlobalSection(SolutionConfigurationPlatforms) = preSolution
		Debug|Any CPU = Debug|Any CPU
		ExportDebug|Any CPU = ExportDebug|Any CPU
		ExportRelease|Any CPU = ExportRelease|Any CPU
		Release|Any CPU = Release|Any CPU
	EndGlobalSection
	GlobalSection(ProjectConfigurationPlatforms) = postSolution
		{382B1B6C-A509-4B62-8E92-53E20D319B90}.Debug|Any CPU.ActiveCfg = Debug|Any CPU
		{382B1B6C-A509-4B62-8E92-53E20D319B90}.Debug|Any CPU.Build.0 = Debug|Any CPU
		{382B1B6C-A509-4B62-8E92-53E20D319B90}.ExportDebug|Any CPU.ActiveCfg = ExportDebug|Any CPU
		{382B1B6C-A509-4B62-8E92-53E20D319B90}.ExportDebug|Any CPU.Build.0 = ExportDebug|Any CPU
		{382B1B6C-A509-4B62-8E92-53E20D319B90}.ExportRelease|Any CPU.ActiveCfg = ExportRelease|Any CPU
		{382B1B6C-A509-4B62-8E92-53E20D319B90}.ExportRelease|Any CPU.Build.0 = ExportRelease|Any CPU
		{382B1B6C-A509-4B62-8E92-53E20D319B90}.Release|Any CPU.ActiveCfg = ExportRelease|Any CPU
		{382B1B6C-A509-4B62-8E92-53E20D319B90}.Release|Any CPU.Build.0 = ExportRelease|Any CPU
		{FB2CC301-8B29-4FA2-B53B-B5D028714A7E}.Debug|Any CPU.ActiveCfg = Debug|Any CPU
		{FB2CC301-8B29-4FA2-B53B-B5D028714A7E}.Debug|Any CPU.Build.0 = Debug|Any CPU
		{FB2CC301-8B29-4FA2-B53B-B5D028714A7E}.ExportDebug|Any CPU.ActiveCfg = Debug|Any CPU
		{FB2CC301-8B29-4FA2-B53B-B5D028714A7E}.ExportDebug|Any CPU.Build.0 = Debug|Any CPU
		{FB2CC301-8B29-4FA2-B53B-B5D028714A7E}.ExportRelease|Any CPU.ActiveCfg = Release|Any CPU
		{FB2CC301-8B29-4FA2-B53B-B5D028714A7E}.ExportRelease|Any CPU.Build.0 = Release|Any CPU
		{FB2CC301-8B29-4FA2-B53B-B5D028714A7E}.Release|Any CPU.ActiveCfg = Release|Any CPU
		{FB2CC301-8B29-4FA2-B53B-B5D028714A7E}.Release|Any CPU.Build.0 = Release|Any CPU
		{B1F50812-2440-4CE6-8952-F7B6FA6CB2F1}.Debug|Any CPU.ActiveCfg = Debug|Any CPU
		{B1F50812-2440-4CE6-8952-F7B6FA6CB2F1}.Debug|Any CPU.Build.0 = Debug|Any CPU
		{B1F50812-2440-4CE6-8952-F7B6FA6CB2F1}.ExportDebug|Any CPU.ActiveCfg = Debug|Any CPU
		{B1F50812-2440-4CE6-8952-F7B6FA6CB2F1}.ExportDebug|Any CPU.Build.0 = Debug|Any CPU
		{B1F50812-2440-4CE6-8952-F7B6FA6CB2F1}.ExportRelease|Any CPU.ActiveCfg = Release|Any CPU
		{B1F50812-2440-4CE6-8952-F7B6FA6CB2F1}.ExportRelease|Any CPU.Build.0 = Release|Any CPU
		{B1F50812-2440-4CE6-8952-F7B6FA6CB2F1}.Release|Any CPU.ActiveCfg = Release|Any CPU
		{B1F50812-2440-4CE6-8952-F7B6FA6CB2F1}.Release|Any CPU.Build.0 = Release|Any CPU
		{86E10214-0CB5-44FF-B95B-9AE5B6E65B0D}.Debug|Any CPU.ActiveCfg = Debug|Any CPU
		{86E10214-0CB5-44FF-B95B-9AE5B6E65B0D}.Debug|Any CPU.Build.0 = Debug|Any CPU
		{86E10214-0CB5-44FF-B95B-9AE5B6E65B0D}.ExportDebug|Any CPU.ActiveCfg = Debug|Any CPU
		{86E10214-0CB5-44FF-B95B-9AE5B6E65B0D}.ExportDebug|Any CPU.Build.0 = Debug|Any CPU
		{86E10214-0CB5-44FF-B95B-9AE5B6E65B0D}.ExportRelease|Any CPU.ActiveCfg = Release|Any CPU
		{86E10214-0CB5-44FF-B95B-9AE5B6E65B0D}.ExportRelease|Any CPU.Build.0 = Release|Any CPU
		{86E10214-0CB5-44FF-B95B-9AE5B6E65B0D}.Release|Any CPU.ActiveCfg = Release|Any CPU
		{86E10214-0CB5-44FF-B95B-9AE5B6E65B0D}.Release|Any CPU.Build.0 = Release|Any CPU
		{04CF0ADE-146F-4412-B7DA-9D02A882B398}.Debug|Any CPU.ActiveCfg = Debug|Any CPU
		{04CF0ADE-146F-4412-B7DA-9D02A882B398}.Debug|Any CPU.Build.0 = Debug|Any CPU
		{04CF0ADE-146F-4412-B7DA-9D02A882B398}.ExportDebug|Any CPU.ActiveCfg = Debug|Any CPU
		{04CF0ADE-146F-4412-B7DA-9D02A882B398}.ExportDebug|Any CPU.Build.0 = Debug|Any CPU
		{04CF0ADE-146F-4412-B7DA-9D02A882B398}.ExportRelease|Any CPU.ActiveCfg = Release|Any CPU
		{04CF0ADE-146F-4412-B7DA-9D02A882B398}.ExportRelease|Any CPU.Build.0 = Release|Any CPU
		{04CF0ADE-146F-4412-B7DA-9D02A882B398}.Release|Any CPU.ActiveCfg = Release|Any CPU
		{04CF0ADE-146F-4412-B7DA-9D02A882B398}.Release|Any CPU.Build.0 = Release|Any CPU
		{CC635CD9-D8A7-4DB2-93E3-8C00A61FB12D}.Debug|Any CPU.ActiveCfg = Debug|Any CPU
		{CC635CD9-D8A7-4DB2-93E3-8C00A61FB12D}.Debug|Any CPU.Build.0 = Debug|Any CPU
		{CC635CD9-D8A7-4DB2-93E3-8C00A61FB12D}.ExportDebug|Any CPU.ActiveCfg = Debug|Any CPU
		{CC635CD9-D8A7-4DB2-93E3-8C00A61FB12D}.ExportDebug|Any CPU.Build.0 = Debug|Any CPU
		{CC635CD9-D8A7-4DB2-93E3-8C00A61FB12D}.ExportRelease|Any CPU.ActiveCfg = Release|Any CPU
		{CC635CD9-D8A7-4DB2-93E3-8C00A61FB12D}.ExportRelease|Any CPU.Build.0 = Release|Any CPU
		{CC635CD9-D8A7-4DB2-93E3-8C00A61FB12D}.Release|Any CPU.ActiveCfg = Release|Any CPU
		{CC635CD9-D8A7-4DB2-93E3-8C00A61FB12D}.Release|Any CPU.Build.0 = Release|Any CPU
		{17BCD55D-6AEE-475C-AEC8-3453DF4CE548}.Debug|Any CPU.ActiveCfg = Debug|Any CPU
		{17BCD55D-6AEE-475C-AEC8-3453DF4CE548}.Debug|Any CPU.Build.0 = Debug|Any CPU
		{17BCD55D-6AEE-475C-AEC8-3453DF4CE548}.ExportDebug|Any CPU.ActiveCfg = Debug|Any CPU
		{17BCD55D-6AEE-475C-AEC8-3453DF4CE548}.ExportDebug|Any CPU.Build.0 = Debug|Any CPU
		{17BCD55D-6AEE-475C-AEC8-3453DF4CE548}.ExportRelease|Any CPU.ActiveCfg = Release|Any CPU
		{17BCD55D-6AEE-475C-AEC8-3453DF4CE548}.ExportRelease|Any CPU.Build.0 = Release|Any CPU
		{17BCD55D-6AEE-475C-AEC8-3453DF4CE548}.Release|Any CPU.ActiveCfg = Release|Any CPU
		{17BCD55D-6AEE-475C-AEC8-3453DF4CE548}.Release|Any CPU.Build.0 = Release|Any CPU
		{FA827DDC-88E7-4189-A85B-0944CA75E60B}.Debug|Any CPU.ActiveCfg = Debug|Any CPU
		{FA827DDC-88E7-4189-A85B-0944CA75E60B}.Debug|Any CPU.Build.0 = Debug|Any CPU
		{FA827DDC-88E7-4189-A85B-0944CA75E60B}.ExportDebug|Any CPU.ActiveCfg = Debug|Any CPU
		{FA827DDC-88E7-4189-A85B-0944CA75E60B}.ExportDebug|Any CPU.Build.0 = Debug|Any CPU
		{FA827DDC-88E7-4189-A85B-0944CA75E60B}.ExportRelease|Any CPU.ActiveCfg = Release|Any CPU
		{FA827DDC-88E7-4189-A85B-0944CA75E60B}.ExportRelease|Any CPU.Build.0 = Release|Any CPU
		{FA827DDC-88E7-4189-A85B-0944CA75E60B}.Release|Any CPU.ActiveCfg = Release|Any CPU
		{FA827DDC-88E7-4189-A85B-0944CA75E60B}.Release|Any CPU.Build.0 = Release|Any CPU
		{20B97D38-8A56-4469-B11A-DC217ED4E1FC}.Debug|Any CPU.ActiveCfg = Debug|Any CPU
		{20B97D38-8A56-4469-B11A-DC217ED4E1FC}.Debug|Any CPU.Build.0 = Debug|Any CPU
		{20B97D38-8A56-4469-B11A-DC217ED4E1FC}.ExportDebug|Any CPU.ActiveCfg = Debug|Any CPU
		{20B97D38-8A56-4469-B11A-DC217ED4E1FC}.ExportDebug|Any CPU.Build.0 = Debug|Any CPU
		{20B97D38-8A56-4469-B11A-DC217ED4E1FC}.ExportRelease|Any CPU.ActiveCfg = Release|Any CPU
		{20B97D38-8A56-4469-B11A-DC217ED4E1FC}.ExportRelease|Any CPU.Build.0 = Release|Any CPU
		{20B97D38-8A56-4469-B11A-DC217ED4E1FC}.Release|Any CPU.ActiveCfg = Release|Any CPU
		{20B97D38-8A56-4469-B11A-DC217ED4E1FC}.Release|Any CPU.Build.0 = Release|Any CPU
		{CDE47BDA-9E82-4757-BBAF-A88BB7F76B7B}.Debug|Any CPU.ActiveCfg = Debug|Any CPU
		{CDE47BDA-9E82-4757-BBAF-A88BB7F76B7B}.Debug|Any CPU.Build.0 = Debug|Any CPU
		{CDE47BDA-9E82-4757-BBAF-A88BB7F76B7B}.ExportDebug|Any CPU.ActiveCfg = Debug|Any CPU
		{CDE47BDA-9E82-4757-BBAF-A88BB7F76B7B}.ExportDebug|Any CPU.Build.0 = Debug|Any CPU
		{CDE47BDA-9E82-4757-BBAF-A88BB7F76B7B}.ExportRelease|Any CPU.ActiveCfg = Release|Any CPU
		{CDE47BDA-9E82-4757-BBAF-A88BB7F76B7B}.ExportRelease|Any CPU.Build.0 = Release|Any CPU
		{CDE47BDA-9E82-4757-BBAF-A88BB7F76B7B}.Release|Any CPU.ActiveCfg = Release|Any CPU
		{CDE47BDA-9E82-4757-BBAF-A88BB7F76B7B}.Release|Any CPU.Build.0 = Release|Any CPU
		{827AA774-17CC-4925-8069-649D3E9671B6}.Debug|Any CPU.ActiveCfg = Debug|Any CPU
		{827AA774-17CC-4925-8069-649D3E9671B6}.Debug|Any CPU.Build.0 = Debug|Any CPU
		{827AA774-17CC-4925-8069-649D3E9671B6}.ExportDebug|Any CPU.ActiveCfg = Debug|Any CPU
		{827AA774-17CC-4925-8069-649D3E9671B6}.ExportDebug|Any CPU.Build.0 = Debug|Any CPU
		{827AA774-17CC-4925-8069-649D3E9671B6}.ExportRelease|Any CPU.ActiveCfg = Release|Any CPU
		{827AA774-17CC-4925-8069-649D3E9671B6}.ExportRelease|Any CPU.Build.0 = Release|Any CPU
		{827AA774-17CC-4925-8069-649D3E9671B6}.Release|Any CPU.ActiveCfg = Release|Any CPU
		{827AA774-17CC-4925-8069-649D3E9671B6}.Release|Any CPU.Build.0 = Release|Any CPU
		{7D9C2412-4806-4A22-A28A-7158D5579C6C}.Debug|Any CPU.ActiveCfg = Debug|Any CPU
		{7D9C2412-4806-4A22-A28A-7158D5579C6C}.Debug|Any CPU.Build.0 = Debug|Any CPU
		{7D9C2412-4806-4A22-A28A-7158D5579C6C}.ExportDebug|Any CPU.ActiveCfg = Debug|Any CPU
		{7D9C2412-4806-4A22-A28A-7158D5579C6C}.ExportDebug|Any CPU.Build.0 = Debug|Any CPU
		{7D9C2412-4806-4A22-A28A-7158D5579C6C}.ExportRelease|Any CPU.ActiveCfg = Release|Any CPU
		{7D9C2412-4806-4A22-A28A-7158D5579C6C}.ExportRelease|Any CPU.Build.0 = Release|Any CPU
		{7D9C2412-4806-4A22-A28A-7158D5579C6C}.Release|Any CPU.ActiveCfg = Release|Any CPU
		{7D9C2412-4806-4A22-A28A-7158D5579C6C}.Release|Any CPU.Build.0 = Release|Any CPU
		{FBCE6BCB-6A9E-47F9-9225-FA114B9F3EB8}.Debug|Any CPU.ActiveCfg = Debug|Any CPU
		{FBCE6BCB-6A9E-47F9-9225-FA114B9F3EB8}.Debug|Any CPU.Build.0 = Debug|Any CPU
		{FBCE6BCB-6A9E-47F9-9225-FA114B9F3EB8}.ExportDebug|Any CPU.ActiveCfg = Debug|Any CPU
		{FBCE6BCB-6A9E-47F9-9225-FA114B9F3EB8}.ExportDebug|Any CPU.Build.0 = Debug|Any CPU
		{FBCE6BCB-6A9E-47F9-9225-FA114B9F3EB8}.ExportRelease|Any CPU.ActiveCfg = Release|Any CPU
		{FBCE6BCB-6A9E-47F9-9225-FA114B9F3EB8}.ExportRelease|Any CPU.Build.0 = Release|Any CPU
		{FBCE6BCB-6A9E-47F9-9225-FA114B9F3EB8}.Release|Any CPU.ActiveCfg = Release|Any CPU
		{FBCE6BCB-6A9E-47F9-9225-FA114B9F3EB8}.Release|Any CPU.Build.0 = Release|Any CPU
		{0CCAFB8D-5C23-485F-BF81-52E06065DA97}.Debug|Any CPU.ActiveCfg = Debug|Any CPU
		{0CCAFB8D-5C23-485F-BF81-52E06065DA97}.Debug|Any CPU.Build.0 = Debug|Any CPU
		{0CCAFB8D-5C23-485F-BF81-52E06065DA97}.ExportDebug|Any CPU.ActiveCfg = Debug|Any CPU
		{0CCAFB8D-5C23-485F-BF81-52E06065DA97}.ExportDebug|Any CPU.Build.0 = Debug|Any CPU
		{0CCAFB8D-5C23-485F-BF81-52E06065DA97}.ExportRelease|Any CPU.ActiveCfg = Release|Any CPU
		{0CCAFB8D-5C23-485F-BF81-52E06065DA97}.ExportRelease|Any CPU.Build.0 = Release|Any CPU
		{0CCAFB8D-5C23-485F-BF81-52E06065DA97}.Release|Any CPU.ActiveCfg = Release|Any CPU
		{0CCAFB8D-5C23-485F-BF81-52E06065DA97}.Release|Any CPU.Build.0 = Release|Any CPU
		{209760E2-B55C-4A46-8C5C-54E538DC7E28}.Debug|Any CPU.ActiveCfg = Debug|Any CPU
		{209760E2-B55C-4A46-8C5C-54E538DC7E28}.Debug|Any CPU.Build.0 = Debug|Any CPU
		{209760E2-B55C-4A46-8C5C-54E538DC7E28}.ExportDebug|Any CPU.ActiveCfg = Debug|Any CPU
		{209760E2-B55C-4A46-8C5C-54E538DC7E28}.ExportDebug|Any CPU.Build.0 = Debug|Any CPU
		{209760E2-B55C-4A46-8C5C-54E538DC7E28}.ExportRelease|Any CPU.ActiveCfg = Release|Any CPU
		{209760E2-B55C-4A46-8C5C-54E538DC7E28}.ExportRelease|Any CPU.Build.0 = Release|Any CPU
		{209760E2-B55C-4A46-8C5C-54E538DC7E28}.Release|Any CPU.ActiveCfg = Release|Any CPU
		{209760E2-B55C-4A46-8C5C-54E538DC7E28}.Release|Any CPU.Build.0 = Release|Any CPU
		{7053E6FE-1860-40E5-B4B2-9320D21BCBEC}.Debug|Any CPU.ActiveCfg = Debug|Any CPU
		{7053E6FE-1860-40E5-B4B2-9320D21BCBEC}.Debug|Any CPU.Build.0 = Debug|Any CPU
		{7053E6FE-1860-40E5-B4B2-9320D21BCBEC}.ExportDebug|Any CPU.ActiveCfg = Debug|Any CPU
		{7053E6FE-1860-40E5-B4B2-9320D21BCBEC}.ExportDebug|Any CPU.Build.0 = Debug|Any CPU
		{7053E6FE-1860-40E5-B4B2-9320D21BCBEC}.ExportRelease|Any CPU.ActiveCfg = Release|Any CPU
		{7053E6FE-1860-40E5-B4B2-9320D21BCBEC}.ExportRelease|Any CPU.Build.0 = Release|Any CPU
		{7053E6FE-1860-40E5-B4B2-9320D21BCBEC}.Release|Any CPU.ActiveCfg = Release|Any CPU
		{7053E6FE-1860-40E5-B4B2-9320D21BCBEC}.Release|Any CPU.Build.0 = Release|Any CPU
		{7C178265-6B6D-4EEC-8C5E-D4847CB1C1BA}.Debug|Any CPU.ActiveCfg = Debug|Any CPU
		{7C178265-6B6D-4EEC-8C5E-D4847CB1C1BA}.Debug|Any CPU.Build.0 = Debug|Any CPU
		{7C178265-6B6D-4EEC-8C5E-D4847CB1C1BA}.ExportDebug|Any CPU.ActiveCfg = Debug|Any CPU
		{7C178265-6B6D-4EEC-8C5E-D4847CB1C1BA}.ExportDebug|Any CPU.Build.0 = Debug|Any CPU
		{7C178265-6B6D-4EEC-8C5E-D4847CB1C1BA}.ExportRelease|Any CPU.ActiveCfg = Release|Any CPU
		{7C178265-6B6D-4EEC-8C5E-D4847CB1C1BA}.ExportRelease|Any CPU.Build.0 = Release|Any CPU
		{7C178265-6B6D-4EEC-8C5E-D4847CB1C1BA}.Release|Any CPU.ActiveCfg = Release|Any CPU
		{7C178265-6B6D-4EEC-8C5E-D4847CB1C1BA}.Release|Any CPU.Build.0 = Release|Any CPU
		{6E7C9C96-3F4A-4017-93FA-F1FFED30EAA1}.Debug|Any CPU.ActiveCfg = Debug|Any CPU
		{6E7C9C96-3F4A-4017-93FA-F1FFED30EAA1}.Debug|Any CPU.Build.0 = Debug|Any CPU
		{6E7C9C96-3F4A-4017-93FA-F1FFED30EAA1}.ExportDebug|Any CPU.ActiveCfg = Debug|Any CPU
		{6E7C9C96-3F4A-4017-93FA-F1FFED30EAA1}.ExportDebug|Any CPU.Build.0 = Debug|Any CPU
		{6E7C9C96-3F4A-4017-93FA-F1FFED30EAA1}.ExportRelease|Any CPU.ActiveCfg = Release|Any CPU
		{6E7C9C96-3F4A-4017-93FA-F1FFED30EAA1}.ExportRelease|Any CPU.Build.0 = Release|Any CPU
		{6E7C9C96-3F4A-4017-93FA-F1FFED30EAA1}.Release|Any CPU.ActiveCfg = Release|Any CPU
		{6E7C9C96-3F4A-4017-93FA-F1FFED30EAA1}.Release|Any CPU.Build.0 = Release|Any CPU
	EndGlobalSection
	GlobalSection(SolutionProperties) = preSolution
		HideSolutionNode = FALSE
	EndGlobalSection
	GlobalSection(ExtensibilityGlobals) = postSolution
		SolutionGuid = {C1FEB567-EC61-410F-AB6B-753C37B90353}
	EndGlobalSection
EndGlobal
