
Microsoft Visual Studio Solution File, Format Version 12.00
# Visual Studio Version 17
VisualStudioVersion = 17.7.34202.233
MinimumVisualStudioVersion = 10.0.40219.1
Project("{9A19103F-16F7-4668-BE54-9A1E7A4F7556}") = "Tais.Godot", "Tais.Godot.csproj", "{382B1B6C-A509-4B62-8E92-53E20D319B90}"
EndProject
Project("{FAE04EC0-301F-11D3-BF4B-00C04F79EFBC}") = "Tais.Interfaces", "..\Tais.Interfaces\Tais.Interfaces.csproj", "{FB2CC301-8B29-4FA2-B53B-B5D028714A7E}"
EndProject
Project("{FAE04EC0-301F-11D3-BF4B-00C04F79EFBC}") = "Tais.Commands", "..\Tais.Commands\Tais.Commands.csproj", "{B1F50812-2440-4CE6-8952-F7B6FA6CB2F1}"
EndProject
Global
	GlobalSection(SolutionConfigurationPlatforms) = preSolution
		Debug|Any CPU = Debug|Any CPU
		ExportDebug|Any CPU = ExportDebug|Any CPU
		ExportRelease|Any CPU = ExportRelease|Any CPU
		Release|Any CPU = Release|Any CPU
	EndGlobalSection
	GlobalSection(ProjectConfigurationPlatforms) = postSolution
		{382B1B6C-A509-4B62-8E92-53E20D319B90}.Debug|Any CPU.ActiveCfg = Debug|Any CPU
		{382B1B6C-A509-4B62-8E92-53E20D319B90}.Debug|Any CPU.Build.0 = Debug|Any CPU
		{382B1B6C-A509-4B62-8E92-53E20D319B90}.ExportDebug|Any CPU.ActiveCfg = ExportDebug|Any CPU
		{382B1B6C-A509-4B62-8E92-53E20D319B90}.ExportDebug|Any CPU.Build.0 = ExportDebug|Any CPU
		{382B1B6C-A509-4B62-8E92-53E20D319B90}.ExportRelease|Any CPU.ActiveCfg = ExportRelease|Any CPU
		{382B1B6C-A509-4B62-8E92-53E20D319B90}.ExportRelease|Any CPU.Build.0 = ExportRelease|Any CPU
		{382B1B6C-A509-4B62-8E92-53E20D319B90}.Release|Any CPU.ActiveCfg = ExportRelease|Any CPU
		{382B1B6C-A509-4B62-8E92-53E20D319B90}.Release|Any CPU.Build.0 = ExportRelease|Any CPU
		{FB2CC301-8B29-4FA2-B53B-B5D028714A7E}.Debug|Any CPU.ActiveCfg = Debug|Any CPU
		{FB2CC301-8B29-4FA2-B53B-B5D028714A7E}.Debug|Any CPU.Build.0 = Debug|Any CPU
		{FB2CC301-8B29-4FA2-B53B-B5D028714A7E}.ExportDebug|Any CPU.ActiveCfg = Debug|Any CPU
		{FB2CC301-8B29-4FA2-B53B-B5D028714A7E}.ExportDebug|Any CPU.Build.0 = Debug|Any CPU
		{FB2CC301-8B29-4FA2-B53B-B5D028714A7E}.ExportRelease|Any CPU.ActiveCfg = Release|Any CPU
		{FB2CC301-8B29-4FA2-B53B-B5D028714A7E}.ExportRelease|Any CPU.Build.0 = Release|Any CPU
		{FB2CC301-8B29-4FA2-B53B-B5D028714A7E}.Release|Any CPU.ActiveCfg = Release|Any CPU
		{FB2CC301-8B29-4FA2-B53B-B5D028714A7E}.Release|Any CPU.Build.0 = Release|Any CPU
		{B1F50812-2440-4CE6-8952-F7B6FA6CB2F1}.Debug|Any CPU.ActiveCfg = Debug|Any CPU
		{B1F50812-2440-4CE6-8952-F7B6FA6CB2F1}.Debug|Any CPU.Build.0 = Debug|Any CPU
		{B1F50812-2440-4CE6-8952-F7B6FA6CB2F1}.ExportDebug|Any CPU.ActiveCfg = Debug|Any CPU
		{B1F50812-2440-4CE6-8952-F7B6FA6CB2F1}.ExportDebug|Any CPU.Build.0 = Debug|Any CPU
		{B1F50812-2440-4CE6-8952-F7B6FA6CB2F1}.ExportRelease|Any CPU.ActiveCfg = Release|Any CPU
		{B1F50812-2440-4CE6-8952-F7B6FA6CB2F1}.ExportRelease|Any CPU.Build.0 = Release|Any CPU
		{B1F50812-2440-4CE6-8952-F7B6FA6CB2F1}.Release|Any CPU.ActiveCfg = Release|Any CPU
		{B1F50812-2440-4CE6-8952-F7B6FA6CB2F1}.Release|Any CPU.Build.0 = Release|Any CPU
	EndGlobalSection
	GlobalSection(SolutionProperties) = preSolution
		HideSolutionNode = FALSE
	EndGlobalSection
EndGlobal
